{
  "version": "5",
  "specifiers": {
    "npm:@bull-board/api@^9.5.0": "9.5.0_@bull-board+ui@9.5.0__bull@4.16.5__bullmq@5.80.9_bull@4.16.5_bullmq@5.80.9",
    "npm:@bull-board/express@^9.5.0": "9.5.0_bull@4.16.5_bullmq@5.80.9",
    "npm:@types/connect-ensure-login@~0.1.9": "0.1.9",
    "npm:@types/express-session@^1.19.0": "1.19.0",
    "npm:@types/express@^5.0.6": "5.0.6",
    "npm:@types/morgan@^1.9.10": "1.9.10",
    "npm:@types/node@^26.4.0": "26.4.0",
    "npm:@types/passport-http@~0.3.11": "0.3.11",
    "npm:@types/passport-local@^1.0.38": "1.0.38",
    "npm:@types/passport@^1.0.17": "1.0.17",
    "npm:bull@^4.16.5": "4.16.5",
    "npm:bullmq@^5.80.9": "5.80.9",
    "npm:connect-ensure-login@~0.1.1": "0.1.1",
    "npm:dotenv@^17.4.2": "17.4.2",
    "npm:express-session@^1.19.0": "1.19.0",
    "npm:express@^5.2.1": "5.2.1",
    "npm:ioredis@~5.11.1": "5.11.1",
    "npm:morgan@^1.11.0": "1.11.0",
    "npm:passport-http@0.3": "0.3.0",
    "npm:passport-local@1": "1.0.0",
    "npm:passport@0.7": "0.7.0"
  },
  "npm": {
    "@bull-board/api@9.5.0_@bull-board+ui@9.5.0__bull@4.16.5__bullmq@5.80.9_bull@4.16.5_bullmq@5.80.9": {
      "integrity": "sha512-fmOyOy1lZiLZFyDJjI2osZrpTMO+JSgmGNhDf3MrmOf3oF084o6w0wpGefs0OqEfyUT1F5/1arE5AwmEUuxZ+A==",
      "dependencies": [
        "@bull-board/ui",
        "bull",
        "bullmq",
        "redis-info"
      ],
      "optionalPeers": [
        "bull",
        "bullmq"
      ],
      "tarball": "https://registry.npmmirror.com/@bull-board/api/-/api-9.5.0.tgz"
    },
    "@bull-board/express@9.5.0_bull@4.16.5_bullmq@5.80.9": {
      "integrity": "sha512-EKeXQzeb1zF9ra0hfYfPArU1JlWKl2vyL4Rb3gQW0XzU7SkEFgYm3727gDrQZdU8dvc5g/FLEqc0dr6UkDUHhg==",
      "dependencies": [
        "@bull-board/api",
        "@bull-board/ui",
        "ejs",
        "express"
      ],
      "tarball": "https://registry.npmmirror.com/@bull-board/express/-/express-9.5.0.tgz"
    },
    "@bull-board/ui@9.5.0_bull@4.16.5_bullmq@5.80.9": {
      "integrity": "sha512-qrq0e906M8Ps/mV3bQXmj7EXJWLaFs5mNz+oBoLR/7EShBi5YooROzQ/SEFFedg/L9h6QWDWJ9Ph0AH7NrG9uw==",
      "dependencies": [
        "@bull-board/api"
      ],
      "tarball": "https://registry.npmmirror.com/@bull-board/ui/-/ui-9.5.0.tgz"
    },
    "@ioredis/commands@1.10.0": {
      "integrity": "sha512-UmeW7z4LfctwoQ5wkhVzgq8tXkreED2xZGpX+Bg+zA+WJFZCT6c062AfCK/Dfk81xZnnwdhJCUMkitihRaoC2Q==",
      "tarball": "https://registry.npmmirror.com/@ioredis/commands/-/commands-1.10.0.tgz"
    },
    "@msgpackr-extract/msgpackr-extract-darwin-arm64@3.0.4": {
      "integrity": "sha512-LCkGo6JDfaBhgST7UpPWgNgLINpcpabaHfyz5OBx75nUYxBsaEPxjnyNjWpeb/xBup/682QnBfRBy2/LvPutZQ==",
      "os": ["darwin"],
      "cpu": ["arm64"],
      "tarball": "https://registry.npmmirror.com/@msgpackr-extract/msgpackr-extract-darwin-arm64/-/msgpackr-extract-darwin-arm64-3.0.4.tgz"
    },
    "@msgpackr-extract/msgpackr-extract-darwin-x64@3.0.4": {
      "integrity": "sha512-zExlW9zUJKZH/tOtVMttwjKa4Xm/3KcNjnE3dPN92uCktwavMxpgCA3MoJK/DOnTWsQgo224OaST27/mPNAf+w==",
      "os": ["darwin"],
      "cpu": ["x64"],
      "tarball": "https://registry.npmmirror.com/@msgpackr-extract/msgpackr-extract-darwin-x64/-/msgpackr-extract-darwin-x64-3.0.4.tgz"
    },
    "@msgpackr-extract/msgpackr-extract-linux-arm64@3.0.4": {
      "integrity": "sha512-dgX0P/9wGPJeHFBG+ZmhgE6bmtMt7NP5CRBGyyktpopdk/mW4POnrpQsSLtKI1dwpc+pPLuXHDh6vvskyQE/sw==",
      "os": ["linux"],
      "cpu": ["arm64"],
      "tarball": "https://registry.npmmirror.com/@msgpackr-extract/msgpackr-extract-linux-arm64/-/msgpackr-extract-linux-arm64-3.0.4.tgz"
    },
    "@msgpackr-extract/msgpackr-extract-linux-arm@3.0.4": {
      "integrity": "sha512-Tg3yX65f5GbtXLkrYEHE5oibZG9epyYWas7FogTTEJeDEF9JlXJzKgXaNhT3UXlTOeA+AfZpYZYZ0uPj7Cfquw==",
      "os": ["linux"],
      "cpu": ["arm"],
      "tarball": "https://registry.npmmirror.com/@msgpackr-extract/msgpackr-extract-linux-arm/-/msgpackr-extract-linux-arm-3.0.4.tgz"
    },
    "@msgpackr-extract/msgpackr-extract-linux-x64@3.0.4": {
      "integrity": "sha512-8TNXMEjJc3QEy7R/x1INhgiU+XakDAFUzBhaz7+Rbrs8NH5UQeHQxxmzsSBJGyV6I1jW79undiQm8tOI+D+8FQ==",
      "os": ["linux"],
      "cpu": ["x64"],
      "tarball": "https://registry.npmmirror.com/@msgpackr-extract/msgpackr-extract-linux-x64/-/msgpackr-extract-linux-x64-3.0.4.tgz"
    },
    "@msgpackr-extract/msgpackr-extract-win32-x64@3.0.4": {
      "integrity": "sha512-CmCXPQrkbwExx3j946/PtHWHbYJiCRBRDl4BlkRQcJB/YOwQxJRTpoo7aTsortjgoJ1x7opzTSxn7C+ASSLVjQ==",
      "os": ["win32"],
      "cpu": ["x64"],
      "tarball": "https://registry.npmmirror.com/@msgpackr-extract/msgpackr-extract-win32-x64/-/msgpackr-extract-win32-x64-3.0.4.tgz"
    },
    "@types/body-parser@1.19.6": {
      "integrity": "sha512-HLFeCYgz89uk22N5Qg3dvGvsv46B8GLvKKo1zKG4NybA8U2DiEO3w9lqGg29t/tfLRJpJ6iQxnVw4OnB7MoM9g==",
      "dependencies": [
        "@types/connect",
        "@types/node"
      ],
      "tarball": "https://registry.npmmirror.com/@types/body-parser/-/body-parser-1.19.6.tgz"
    },
    "@types/connect-ensure-login@0.1.9": {
      "integrity": "sha512-Jg5Usk74g+zpgKadyXPT90zuuq1S2CEyUHkctcp2G8MDoKlq9vTfkYzoiZujF1S3KI0wAd5C/Tog4CdJ4QPCYA==",
      "dependencies": [
        "@types/express"
      ],
      "tarball": "https://registry.npmmirror.com/@types/connect-ensure-login/-/connect-ensure-login-0.1.9.tgz"
    },
    "@types/connect@3.4.38": {
      "integrity": "sha512-K6uROf1LD88uDQqJCktA4yzL1YYAK6NgfsI0v/mTgyPKWsX1CnJ0XPSDhViejru1GcRkLWb8RlzFYJRqGUbaug==",
      "dependencies": [
        "@types/node"
      ],
      "tarball": "https://registry.npmmirror.com/@types/connect/-/connect-3.4.38.tgz"
    },
    "@types/express-serve-static-core@5.1.2": {
      "integrity": "sha512-d3KvEXBSo/lOAMc2u6fkyDHBvetBHeqD7wm/AcXfLpSOQwlmG9D/aQ0SFswVjv05p7ullQS7Mjohj6/VdbZuTg==",
      "dependencies": [
        "@types/node",
        "@types/qs",
        "@types/range-parser",
        "@types/send"
      ],
      "tarball": "https://registry.npmmirror.com/@types/express-serve-static-core/-/express-serve-static-core-5.1.2.tgz"
    },
    "@types/express-session@1.19.0": {
      "integrity": "sha512-GbypG0bog68UbOq2tSAp7SclvCUm3ha1uDi58OPRGK1NfRvCIu7Gz0M7fTGtpNG1T9a29GpuurQj9zEcT/lMXQ==",
      "dependencies": [
        "@types/express"
      ],
      "tarball": "https://registry.npmmirror.com/@types/express-session/-/express-session-1.19.0.tgz"
    },
    "@types/express@5.0.6": {
      "integrity": "sha512-sKYVuV7Sv9fbPIt/442koC7+IIwK5olP1KWeD88e/idgoJqDm3JV/YUiPwkoKK92ylff2MGxSz1CSjsXelx0YA==",
      "dependencies": [
        "@types/body-parser",
        "@types/express-serve-static-core",
        "@types/serve-static"
      ],
      "tarball": "https://registry.npmmirror.com/@types/express/-/express-5.0.6.tgz"
    },
    "@types/http-errors@2.0.5": {
      "integrity": "sha512-r8Tayk8HJnX0FztbZN7oVqGccWgw98T/0neJphO91KkmOzug1KkofZURD4UaD5uH8AqcFLfdPErnBod0u71/qg==",
      "tarball": "https://registry.npmmirror.com/@types/http-errors/-/http-errors-2.0.5.tgz"
    },
    "@types/morgan@1.9.10": {
      "integrity": "sha512-sS4A1zheMvsADRVfT0lYbJ4S9lmsey8Zo2F7cnbYjWHP67Q0AwMYuuzLlkIM2N8gAbb9cubhIVFwcIN2XyYCkA==",
      "dependencies": [
        "@types/node"
      ],
      "tarball": "https://registry.npmmirror.com/@types/morgan/-/morgan-1.9.10.tgz"
    },
    "@types/node@26.4.0": {
      "integrity": "sha512-faiGnoIrLH/V8cibOMEAZ8pMw6oXqSukl29ra4mN8GdaB2ZewzeaLj+INpV5N+Z1eKWzY+IzaIZH2EIR6YZRNQ==",
      "dependencies": [
        "undici-types"
      ],
      "tarball": "https://registry.npmmirror.com/@types/node/-/node-26.4.0.tgz"
    },
    "@types/passport-http@0.3.11": {
      "integrity": "sha512-FO0rDRYtuha9m2ZgRx5+jrgrrkAnUzgzdItFI0dwKBC6k9pArK677Gtan67u6+Qah2nXVP3M1uZ5p90SpBT5Zg==",
      "dependencies": [
        "@types/express",
        "@types/passport"
      ],
      "tarball": "https://registry.npmmirror.com/@types/passport-http/-/passport-http-0.3.11.tgz"
    },
    "@types/passport-local@1.0.38": {
      "integrity": "sha512-nsrW4A963lYE7lNTv9cr5WmiUD1ibYJvWrpE13oxApFsRt77b0RdtZvKbCdNIY4v/QZ6TRQWaDDEwV1kCTmcXg==",
      "dependencies": [
        "@types/express",
        "@types/passport",
        "@types/passport-strategy"
      ],
      "tarball": "https://registry.npmmirror.com/@types/passport-local/-/passport-local-1.0.38.tgz"
    },
    "@types/passport-strategy@0.2.38": {
      "integrity": "sha512-GC6eMqqojOooq993Tmnmp7AUTbbQSgilyvpCYQjT+H6JfG/g6RGc7nXEniZlp0zyKJ0WUdOiZWLBZft9Yug1uA==",
      "dependencies": [
        "@types/express",
        "@types/passport"
      ],
      "tarball": "https://registry.npmmirror.com/@types/passport-strategy/-/passport-strategy-0.2.38.tgz"
    },
    "@types/passport@1.0.17": {
      "integrity": "sha512-aciLyx+wDwT2t2/kJGJR2AEeBz0nJU4WuRX04Wu9Dqc5lSUtwu0WERPHYsLhF9PtseiAMPBGNUOtFjxZ56prsg==",
      "dependencies": [
        "@types/express"
      ],
      "tarball": "https://registry.npmmirror.com/@types/passport/-/passport-1.0.17.tgz"
    },
    "@types/qs@6.15.1": {
      "integrity": "sha512-GZHUBZR9hckSUhrxmp1nG6NwdpM9fCunJwyThLW1X3AyHgd9IlHb6VANpQQqDr2o/qQp6McZ3y/IA2rVzKzSbw==",
      "tarball": "https://registry.npmmirror.com/@types/qs/-/qs-6.15.1.tgz"
    },
    "@types/range-parser@1.2.7": {
      "integrity": "sha512-hKormJbkJqzQGhziax5PItDUTMAM9uE2XXQmM37dyd4hVM+5aVl7oVxMVUiVQn2oCQFN/LKCZdvSM0pFRqbSmQ==",
      "tarball": "https://registry.npmmirror.com/@types/range-parser/-/range-parser-1.2.7.tgz"
    },
    "@types/send@1.2.1": {
      "integrity": "sha512-arsCikDvlU99zl1g69TcAB3mzZPpxgw0UQnaHeC1Nwb015xp8bknZv5rIfri9xTOcMuaVgvabfIRA7PSZVuZIQ==",
      "dependencies": [
        "@types/node"
      ],
      "tarball": "https://registry.npmmirror.com/@types/send/-/send-1.2.1.tgz"
    },
    "@types/serve-static@2.2.0": {
      "integrity": "sha512-8mam4H1NHLtu7nmtalF7eyBH14QyOASmcxHhSfEoRyr0nP/YdoesEtU+uSRvMe96TW/HPTtkoKqQLl53N7UXMQ==",
      "dependencies": [
        "@types/http-errors",
        "@types/node"
      ],
      "tarball": "https://registry.npmmirror.com/@types/serve-static/-/serve-static-2.2.0.tgz"
    },
    "accepts@2.0.0": {
      "integrity": "sha512-5cvg6CtKwfgdmVqY1WIiXKc3Q1bkRqGLi+2W/6ao+6Y7gu/RCwRuAhGEzh5B4KlszSuTLgZYuqFqo5bImjNKng==",
      "dependencies": [
        "mime-types",
        "negotiator"
      ],
      "tarball": "https://registry.npmmirror.com/accepts/-/accepts-2.0.0.tgz"
    },
    "basic-auth@2.0.1": {
      "integrity": "sha512-NF+epuEdnUYVlGuhaxbbq+dvJttwLnGY+YixlXlME5KpQ5W3CnXA5cVTneY3SPbPDRkcjMbifrwmFYcClgOZeg==",
      "dependencies": [
        "safe-buffer@5.1.2"
      ],
      "tarball": "https://registry.npmmirror.com/basic-auth/-/basic-auth-2.0.1.tgz"
    },
    "body-parser@2.3.0": {
      "integrity": "sha512-2cGmJupaNgg+QUwVLAucDuWuoMZ6EX9iHDRswZ5lsNYEmwPaRknMPCLZz07yTzVq/83p4o/wzbDZbBrTvGGTIw==",
      "dependencies": [
        "bytes",
        "content-type@2.0.0",
        "debug@4.4.3",
        "http-errors",
        "iconv-lite",
        "on-finished",
        "qs",
        "raw-body",
        "type-is"
      ],
      "tarball": "https://registry.npmmirror.com/body-parser/-/body-parser-2.3.0.tgz"
    },
    "bull@4.16.5": {
      "integrity": "sha512-lDsx2BzkKe7gkCYiT5Acj02DpTwDznl/VNN7Psn7M3USPG7Vs/BaClZJJTAG+ufAR9++N1/NiUTdaFBWDIl5TQ==",
      "dependencies": [
        "cron-parser",
        "get-port",
        "ioredis",
        "lodash",
        "msgpackr@1.12.1",
        "semver",
        "uuid"
      ],
      "tarball": "https://registry.npmmirror.com/bull/-/bull-4.16.5.tgz"
    },
    "bullmq@5.80.9": {
      "integrity": "sha512-CY2HlrcW6eBzBKCcr6RNSqm/n/dh9DmD1yNLN4vA8lCt6wdbqSq7ihkUqywgxBkQYz0dShMs5TdleP4vT/G2Sg==",
      "dependencies": [
        "cron-parser",
        "ioredis",
        "msgpackr@2.0.4",
        "node-abort-controller",
        "semver",
        "tslib"
      ],
      "tarball": "https://registry.npmmirror.com/bullmq/-/bullmq-5.80.9.tgz"
    },
    "bytes@3.1.2": {
      "integrity": "sha512-/Nf7TyzTx6S3yRJObOAV7956r8cr2+Oj8AC5dt8wSP3BQAoeX58NoHyCU8P8zGkNXStjTSi6fzO6F0pBdcYbEg==",
      "tarball": "https://registry.npmmirror.com/bytes/-/bytes-3.1.2.tgz"
    },
    "call-bind-apply-helpers@1.0.2": {
      "integrity": "sha512-Sp1ablJ0ivDkSzjcaJdxEunN5/XvksFJ2sMBFfq6x0ryhQV/2b/KwFe21cMpmHtPOSij8K99/wSfoEuTObmuMQ==",
      "dependencies": [
        "es-errors",
        "function-bind"
      ],
      "tarball": "https://registry.npmmirror.com/call-bind-apply-helpers/-/call-bind-apply-helpers-1.0.2.tgz"
    },
    "call-bound@1.0.4": {
      "integrity": "sha512-+ys997U96po4Kx/ABpBCqhA9EuxJaQWDQg7295H4hBphv3IZg0boBKuwYpt4YXp6MZ5AmZQnU/tyMTlRpaSejg==",
      "dependencies": [
        "call-bind-apply-helpers",
        "get-intrinsic"
      ],
      "tarball": "https://registry.npmmirror.com/call-bound/-/call-bound-1.0.4.tgz"
    },
    "cluster-key-slot@1.1.1": {
      "integrity": "sha512-rwHwUfXL40Chm1r08yrhU3qpUvdVlgkKNeyeGPOxnW8/SyVDvgRaed/Uz54AqWNaTCAThlj6QAs3TZcKI0xDEw==",
      "tarball": "https://registry.npmmirror.com/cluster-key-slot/-/cluster-key-slot-1.1.1.tgz"
    },
    "connect-ensure-login@0.1.1": {
      "integrity": "sha512-u0LGY/YXgkqdD4uVz8Gkri0adby5SBPYIFQvIa4FjBIaZUN0yuZPVHsjAA2bUiprGyjh8NlqxPUcIzzfTiXhQQ==",
      "tarball": "https://registry.npmmirror.com/connect-ensure-login/-/connect-ensure-login-0.1.1.tgz"
    },
    "content-disposition@1.1.0": {
      "integrity": "sha512-5jRCH9Z/+DRP7rkvY83B+yGIGX96OYdJmzngqnw2SBSxqCFPd0w2km3s5iawpGX8krnwSGmF0FW5Nhr0Hfai3g==",
      "tarball": "https://registry.npmmirror.com/content-disposition/-/content-disposition-1.1.0.tgz"
    },
    "content-type@1.0.5": {
      "integrity": "sha512-nTjqfcBFEipKdXCv4YDQWCfmcLZKm81ldF0pAopTvyrFGVbcR6P/VAAd5G7N+0tTr8QqiU0tFadD6FK4NtJwOA==",
      "tarball": "https://registry.npmmirror.com/content-type/-/content-type-1.0.5.tgz"
    },
    "content-type@2.0.0": {
      "integrity": "sha512-j/O/d7GcZCyNl7/hwZAb606rzqkyvaDctLmckbxLzHvFBzTJHuGEdodATcP3yIRoDrLHkIATJuvzbFlp/ki2cQ==",
      "tarball": "https://registry.npmmirror.com/content-type/-/content-type-2.0.0.tgz"
    },
    "cookie-signature@1.0.7": {
      "integrity": "sha512-NXdYc3dLr47pBkpUCHtKSwIOQXLVn8dZEuywboCOJY/osA0wFSLlSawr3KN8qXJEyX66FcONTH8EIlVuK0yyFA==",
      "tarball": "https://registry.npmmirror.com/cookie-signature/-/cookie-signature-1.0.7.tgz"
    },
    "cookie-signature@1.2.2": {
      "integrity": "sha512-D76uU73ulSXrD1UXF4KE2TMxVVwhsnCgfAyTg9k8P6KGZjlXKrOLe4dJQKI3Bxi5wjesZoFXJWElNWBjPZMbhg==",
      "tarball": "https://registry.npmmirror.com/cookie-signature/-/cookie-signature-1.2.2.tgz"
    },
    "cookie@0.7.2": {
      "integrity": "sha512-yki5XnKuf750l50uGTllt6kKILY4nQ1eNIQatoXEByZ5dWgnKqbnqmTrBE5B4N7lrMJKQ2ytWMiTO2o0v6Ew/w==",
      "tarball": "https://registry.npmmirror.com/cookie/-/cookie-0.7.2.tgz"
    },
    "cron-parser@4.9.0": {
      "integrity": "sha512-p0SaNjrHOnQeR8/VnfGbmg9te2kfyYSQ7Sc/j/6DtPL3JQvKxmjO9TSjNFpujqV3vEYYBvNNvXSxzyksBWAx1Q==",
      "dependencies": [
        "luxon"
      ],
      "tarball": "https://registry.npmmirror.com/cron-parser/-/cron-parser-4.9.0.tgz"
    },
    "debug@2.6.9": {
      "integrity": "sha512-bC7ElrdJaJnPbAP+1EotYvqZsb3ecl5wi6Bfi6BJTUcNowp6cvspg0jXznRTKDjm/E7AdgFBVeAPVMNcKGsHMA==",
      "dependencies": [
        "ms@2.0.0"
      ],
      "tarball": "https://registry.npmmirror.com/debug/-/debug-2.6.9.tgz"
    },
    "debug@4.4.3": {
      "integrity": "sha512-RGwwWnwQvkVfavKVt22FGLw+xYSdzARwm0ru6DhTVA3umU5hZc28V3kO4stgYryrTlLpuvgI9GiijltAjNbcqA==",
      "dependencies": [
        "ms@2.1.3"
      ],
      "tarball": "https://registry.npmmirror.com/debug/-/debug-4.4.3.tgz"
    },
    "denque@2.1.0": {
      "integrity": "sha512-HVQE3AAb/pxF8fQAoiqpvg9i3evqug3hoiwakOyZAwJm+6vZehbkYXZ0l4JxS+I3QxM97v5aaRNhj8v5oBhekw==",
      "tarball": "https://registry.npmmirror.com/denque/-/denque-2.1.0.tgz"
    },
    "depd@2.0.0": {
      "integrity": "sha512-g7nH6P6dyDioJogAAGprGpCtVImJhpPk/roCzdb3fIh61/s/nPsfR6onyMwkCAR/OlC3yBC0lESvUoQEAssIrw==",
      "tarball": "https://registry.npmmirror.com/depd/-/depd-2.0.0.tgz"
    },
    "detect-libc@2.1.2": {
      "integrity": "sha512-Btj2BOOO83o3WyH59e8MgXsxEQVcarkUOpEYrubB0urwnN10yQ364rsiByU11nZlqWYZm05i/of7io4mzihBtQ==",
      "tarball": "https://registry.npmmirror.com/detect-libc/-/detect-libc-2.1.2.tgz"
    },
    "dotenv@17.4.2": {
      "integrity": "sha512-nI4U3TottKAcAD9LLud4Cb7b2QztQMUEfHbvhTH09bqXTxnSie8WnjPALV/WMCrJZ6UV/qHJ6L03OqO3LcdYZw==",
      "tarball": "https://registry.npmmirror.com/dotenv/-/dotenv-17.4.2.tgz"
    },
    "dunder-proto@1.0.1": {
      "integrity": "sha512-KIN/nDJBQRcXw0MLVhZE9iQHmG68qAVIBg9CqmUYjmQIhgij9U5MFvrqkUL5FbtyyzZuOeOt0zdeRe4UY7ct+A==",
      "dependencies": [
        "call-bind-apply-helpers",
        "es-errors",
        "gopd"
      ],
      "tarball": "https://registry.npmmirror.com/dunder-proto/-/dunder-proto-1.0.1.tgz"
    },
    "ee-first@1.1.1": {
      "integrity": "sha512-WMwm9LhRUo+WUaRN+vRuETqG89IgZphVSNkdFgeb6sS/E4OrDIN7t48CAewSHXc6C8lefD8KKfr5vY61brQlow==",
      "tarball": "https://registry.npmmirror.com/ee-first/-/ee-first-1.1.1.tgz"
    },
    "ejs@6.0.1": {
      "integrity": "sha512-UaaM14yby8U3k02ihS1Bmj5Kz2d7CCQM1scxpgs4Mhkq8F1wR2gl3+Ts4h5Ne4Mnt7M9m4Dw7jsuMr3+xO4vZA==",
      "bin": true,
      "tarball": "https://registry.npmmirror.com/ejs/-/ejs-6.0.1.tgz"
    },
    "encodeurl@2.0.0": {
      "integrity": "sha512-Q0n9HRi4m6JuGIV1eFlmvJB7ZEVxu93IrMyiMsGC0lrMJMWzRgx6WGquyfQgZVb31vhGgXnfmPNNXmxnOkRBrg==",
      "tarball": "https://registry.npmmirror.com/encodeurl/-/encodeurl-2.0.0.tgz"
    },
    "es-define-property@1.0.1": {
      "integrity": "sha512-e3nRfgfUZ4rNGL232gUgX06QNyyez04KdjFrF+LTRoOXmrOgFKDg4BCdsjW8EnT69eqdYGmRpJwiPVYNrCaW3g==",
      "tarball": "https://registry.npmmirror.com/es-define-property/-/es-define-property-1.0.1.tgz"
    },
    "es-errors@1.3.0": {
      "integrity": "sha512-Zf5H2Kxt2xjTvbJvP2ZWLEICxA6j+hAmMzIlypy4xcBg1vKVnx89Wy0GbS+kf5cwCVFFzdCFh2XSCFNULS6csw==",
      "tarball": "https://registry.npmmirror.com/es-errors/-/es-errors-1.3.0.tgz"
    },
    "es-object-atoms@1.1.2": {
      "integrity": "sha512-HWcBoN6NileqtSydK2FqHbS/LoDd2pqrnQHLyJzBj4kOp/ky2MWMN694xOfkK8/SnUsW2DH7EfyVlydKCsm1Zw==",
      "dependencies": [
        "es-errors"
      ],
      "tarball": "https://registry.npmmirror.com/es-object-atoms/-/es-object-atoms-1.1.2.tgz"
    },
    "escape-html@1.0.3": {
      "integrity": "sha512-NiSupZ4OeuGwr68lGIeym/ksIZMJodUGOSCZ/FSnTxcrekbvqrgdUxlJOMpijaKZVjAJrWrGs/6Jy8OMuyj9ow==",
      "tarball": "https://registry.npmmirror.com/escape-html/-/escape-html-1.0.3.tgz"
    },
    "etag@1.8.1": {
      "integrity": "sha512-aIL5Fx7mawVa300al2BnEE4iNvo1qETxLrPI/o05L7z6go7fCw1J6EQmbK4FmJ2AS7kgVF/KEZWufBfdClMcPg==",
      "tarball": "https://registry.npmmirror.com/etag/-/etag-1.8.1.tgz"
    },
    "express-session@1.19.0": {
      "integrity": "sha512-0csaMkGq+vaiZTmSMMGkfdCOabYv192VbytFypcvI0MANrp+4i/7yEkJ0sbAEhycQjntaKGzYfjfXQyVb7BHMA==",
      "dependencies": [
        "cookie",
        "cookie-signature@1.0.7",
        "debug@2.6.9",
        "depd",
        "on-headers",
        "parseurl",
        "safe-buffer@5.2.1",
        "uid-safe"
      ],
      "tarball": "https://registry.npmmirror.com/express-session/-/express-session-1.19.0.tgz"
    },
    "express@5.2.1": {
      "integrity": "sha512-hIS4idWWai69NezIdRt2xFVofaF4j+6INOpJlVOLDO8zXGpUVEVzIYk12UUi2JzjEzWL3IOAxcTubgz9Po0yXw==",
      "dependencies": [
        "accepts",
        "body-parser",
        "content-disposition",
        "content-type@1.0.5",
        "cookie",
        "cookie-signature@1.2.2",
        "debug@4.4.3",
        "depd",
        "encodeurl",
        "escape-html",
        "etag",
        "finalhandler",
        "fresh",
        "http-errors",
        "merge-descriptors",
        "mime-types",
        "on-finished",
        "once",
        "parseurl",
        "proxy-addr",
        "qs",
        "range-parser",
        "router",
        "send",
        "serve-static",
        "statuses",
        "type-is",
        "vary"
      ],
      "tarball": "https://registry.npmmirror.com/express/-/express-5.2.1.tgz"
    },
    "finalhandler@2.1.1": {
      "integrity": "sha512-S8KoZgRZN+a5rNwqTxlZZePjT/4cnm0ROV70LedRHZ0p8u9fRID0hJUZQpkKLzro8LfmC8sx23bY6tVNxv8pQA==",
      "dependencies": [
        "debug@4.4.3",
        "encodeurl",
        "escape-html",
        "on-finished",
        "parseurl",
        "statuses"
      ],
      "tarball": "https://registry.npmmirror.com/finalhandler/-/finalhandler-2.1.1.tgz"
    },
    "forwarded@0.2.0": {
      "integrity": "sha512-buRG0fpBtRHSTCOASe6hD258tEubFoRLb4ZNA6NxMVHNw2gOcwHo9wyablzMzOA5z9xA9L1KNjk/Nt6MT9aYow==",
      "tarball": "https://registry.npmmirror.com/forwarded/-/forwarded-0.2.0.tgz"
    },
    "fresh@2.0.0": {
      "integrity": "sha512-Rx/WycZ60HOaqLKAi6cHRKKI7zxWbJ31MhntmtwMoaTeF7XFH9hhBp8vITaMidfljRQ6eYWCKkaTK+ykVJHP2A==",
      "tarball": "https://registry.npmmirror.com/fresh/-/fresh-2.0.0.tgz"
    },
    "function-bind@1.1.2": {
      "integrity": "sha512-7XHNxH7qX9xG5mIwxkhumTox/MIRNcOgDrxWsMt2pAr23WHp6MrRlN7FBSFpCpr+oVO0F744iUgR82nJMfG2SA==",
      "tarball": "https://registry.npmmirror.com/function-bind/-/function-bind-1.1.2.tgz"
    },
    "get-intrinsic@1.3.0": {
      "integrity": "sha512-9fSjSaos/fRIVIp+xSJlE6lfwhES7LNtKaCBIamHsjr2na1BiABJPo0mOjjz8GJDURarmCPGqaiVg5mfjb98CQ==",
      "dependencies": [
        "call-bind-apply-helpers",
        "es-define-property",
        "es-errors",
        "es-object-atoms",
        "function-bind",
        "get-proto",
        "gopd",
        "has-symbols",
        "hasown",
        "math-intrinsics"
      ],
      "tarball": "https://registry.npmmirror.com/get-intrinsic/-/get-intrinsic-1.3.0.tgz"
    },
    "get-port@5.1.1": {
      "integrity": "sha512-g/Q1aTSDOxFpchXC4i8ZWvxA1lnPqx/JHqcpIw0/LX9T8x/GBbi6YnlN5nhaKIFkT8oFsscUKgDJYxfwfS6QsQ==",
      "tarball": "https://registry.npmmirror.com/get-port/-/get-port-5.1.1.tgz"
    },
    "get-proto@1.0.1": {
      "integrity": "sha512-sTSfBjoXBp89JvIKIefqw7U2CCebsc74kiY6awiGogKtoSGbgjYE/G/+l9sF3MWFPNc9IcoOC4ODfKHfxFmp0g==",
      "dependencies": [
        "dunder-proto",
        "es-object-atoms"
      ],
      "tarball": "https://registry.npmmirror.com/get-proto/-/get-proto-1.0.1.tgz"
    },
    "gopd@1.2.0": {
      "integrity": "sha512-ZUKRh6/kUFoAiTAtTYPZJ3hw9wNxx+BIBOijnlG9PnrJsCcSjs1wyyD6vJpaYtgnzDrKYRSqf3OO6Rfa93xsRg==",
      "tarball": "https://registry.npmmirror.com/gopd/-/gopd-1.2.0.tgz"
    },
    "has-symbols@1.1.0": {
      "integrity": "sha512-1cDNdwJ2Jaohmb3sg4OmKaMBwuC48sYni5HUw2DvsC8LjGTLK9h+eb1X6RyuOHe4hT0ULCW68iomhjUoKUqlPQ==",
      "tarball": "https://registry.npmmirror.com/has-symbols/-/has-symbols-1.1.0.tgz"
    },
    "hasown@2.0.4": {
      "integrity": "sha512-T2UbfbBEF32wiepXIsMlTW9+dDYC6wMh/t/vYA4tuOMKqWz/n3vr1NFSxQiyP+zk2mXsoMA/i/7qV6LKut1t1A==",
      "dependencies": [
        "function-bind"
      ],
      "tarball": "https://registry.npmmirror.com/hasown/-/hasown-2.0.4.tgz"
    },
    "http-errors@2.0.1": {
      "integrity": "sha512-4FbRdAX+bSdmo4AUFuS0WNiPz8NgFt+r8ThgNWmlrjQjt1Q7ZR9+zTlce2859x4KSXrwIsaeTqDoKQmtP8pLmQ==",
      "dependencies": [
        "depd",
        "inherits",
        "setprototypeof",
        "statuses",
        "toidentifier"
      ],
      "tarball": "https://registry.npmmirror.com/http-errors/-/http-errors-2.0.1.tgz"
    },
    "iconv-lite@0.7.3": {
      "integrity": "sha512-IKXpvIzjnC9XTAUbVBcMfGS0EPaIXtW6v+zr+RRp+hqULEpo0owZax6wyRwPOJbWbzjYspQwusTsfVr0ifh4uQ==",
      "dependencies": [
        "safer-buffer"
      ],
      "tarball": "https://registry.npmmirror.com/iconv-lite/-/iconv-lite-0.7.3.tgz"
    },
    "inherits@2.0.4": {
      "integrity": "sha512-k/vGaX4/Yla3WzyMCvTQOXYeIHvqOKtnqBduzTHpzpQZzAskKMhZ2K+EnBiSM9zGSoIFeMpXKxa4dYeZIQqewQ==",
      "tarball": "https://registry.npmmirror.com/inherits/-/inherits-2.0.4.tgz"
    },
    "ioredis@5.11.1": {
      "integrity": "sha512-ehuGcf94bQXhfagULNXrJdfnWO38v070jxSx/qE87Kjzmu2fU7ro5EFAb+OPituLqgfyuQaym5DlrNydW2sJ9A==",
      "dependencies": [
        "@ioredis/commands",
        "cluster-key-slot",
        "debug@4.4.3",
        "denque",
        "redis-errors",
        "redis-parser",
        "standard-as-callback"
      ],
      "tarball": "https://registry.npmmirror.com/ioredis/-/ioredis-5.11.1.tgz"
    },
    "ipaddr.js@1.9.1": {
      "integrity": "sha512-0KI/607xoxSToH7GjN1FfSbLoU0+btTicjsQSWQlh/hZykN8KpmMf7uYwPW3R+akZ6R/w18ZlXSHBYXiYUPO3g==",
      "tarball": "https://registry.npmmirror.com/ipaddr.js/-/ipaddr.js-1.9.1.tgz"
    },
    "is-promise@4.0.0": {
      "integrity": "sha512-hvpoI6korhJMnej285dSg6nu1+e6uxs7zG3BYAm5byqDsgJNWwxzM6z6iZiAgQR4TJ30JmBTOwqZUw3WlyH3AQ==",
      "tarball": "https://registry.npmmirror.com/is-promise/-/is-promise-4.0.0.tgz"
    },
    "lodash@4.18.1": {
      "integrity": "sha512-dMInicTPVE8d1e5otfwmmjlxkZoUpiVLwyeTdUsi/Caj/gfzzblBcCE5sRHV/AsjuCmxWrte2TNGSYuCeCq+0Q==",
      "tarball": "https://registry.npmmirror.com/lodash/-/lodash-4.18.1.tgz"
    },
    "luxon@3.7.2": {
      "integrity": "sha512-vtEhXh/gNjI9Yg1u4jX/0YVPMvxzHuGgCm6tC5kZyb08yjGWGnqAjGJvcXbqQR2P3MyMEFnRbpcdFS6PBcLqew==",
      "tarball": "https://registry.npmmirror.com/luxon/-/luxon-3.7.2.tgz"
    },
    "math-intrinsics@1.1.0": {
      "integrity": "sha512-/IXtbwEk5HTPyEwyKX6hGkYXxM9nbj64B+ilVJnC/R6B0pH5G4V3b0pVbL7DBj4tkhBAppbQUlf6F6Xl9LHu1g==",
      "tarball": "https://registry.npmmirror.com/math-intrinsics/-/math-intrinsics-1.1.0.tgz"
    },
    "media-typer@1.1.0": {
      "integrity": "sha512-aisnrDP4GNe06UcKFnV5bfMNPBUw4jsLGaWwWfnH3v02GnBuXX2MCVn5RbrWo0j3pczUilYblq7fQ7Nw2t5XKw==",
      "tarball": "https://registry.npmmirror.com/media-typer/-/media-typer-1.1.0.tgz"
    },
    "merge-descriptors@2.0.0": {
      "integrity": "sha512-Snk314V5ayFLhp3fkUREub6WtjBfPdCPY1Ln8/8munuLuiYhsABgBVWsozAG+MWMbVEvcdcpbi9R7ww22l9Q3g==",
      "tarball": "https://registry.npmmirror.com/merge-descriptors/-/merge-descriptors-2.0.0.tgz"
    },
    "mime-db@1.54.0": {
      "integrity": "sha512-aU5EJuIN2WDemCcAp2vFBfp/m4EAhWJnUNSSw0ixs7/kXbd6Pg64EmwJkNdFhB8aWt1sH2CTXrLxo/iAGV3oPQ==",
      "tarball": "https://registry.npmmirror.com/mime-db/-/mime-db-1.54.0.tgz"
    },
    "mime-types@3.0.2": {
      "integrity": "sha512-Lbgzdk0h4juoQ9fCKXW4by0UJqj+nOOrI9MJ1sSj4nI8aI2eo1qmvQEie4VD1glsS250n15LsWsYtCugiStS5A==",
      "dependencies": [
        "mime-db"
      ],
      "tarball": "https://registry.npmmirror.com/mime-types/-/mime-types-3.0.2.tgz"
    },
    "morgan@1.11.0": {
      "integrity": "sha512-zSkVu3t18r39pw4ixfBKvfZi3y2UOqr7d4WYwcj3m8nXpEQK4rPO6GLzs/CExoRgmX3y9EjmmcXqv6jq0SK46g==",
      "dependencies": [
        "basic-auth",
        "debug@2.6.9",
        "depd",
        "on-finished",
        "on-headers"
      ],
      "tarball": "https://registry.npmmirror.com/morgan/-/morgan-1.11.0.tgz"
    },
    "ms@2.0.0": {
      "integrity": "sha512-Tpp60P6IUJDTuOq/5Z8cdskzJujfwqfOTkrwIwj7IRISpnkJnT6SyJ4PCPnGMoFjC9ddhal5KVIYtAt97ix05A==",
      "tarball": "https://registry.npmmirror.com/ms/-/ms-2.0.0.tgz"
    },
    "ms@2.1.3": {
      "integrity": "sha512-6FlzubTLZG3J2a/NVCAleEhjzq5oxgHyaCU9yYXvcLsvoVaHJq/s5xXI6/XXP6tz7R9xAOtHnSO/tXtF3WRTlA==",
      "tarball": "https://registry.npmmirror.com/ms/-/ms-2.1.3.tgz"
    },
    "msgpackr-extract@3.0.4": {
      "integrity": "sha512-4kmO/MdyUIkLIvTPr8VHLil4AtoKIoniWPIEk5+CDy0xnWC84azhSFmuJ7PxZdsYtiP5kEeQsORAVIeMgxT+Hw==",
      "dependencies": [
        "node-gyp-build-optional-packages"
      ],
      "optionalDependencies": [
        "@msgpackr-extract/msgpackr-extract-darwin-arm64",
        "@msgpackr-extract/msgpackr-extract-darwin-x64",
        "@msgpackr-extract/msgpackr-extract-linux-arm",
        "@msgpackr-extract/msgpackr-extract-linux-arm64",
        "@msgpackr-extract/msgpackr-extract-linux-x64",
        "@msgpackr-extract/msgpackr-extract-win32-x64"
      ],
      "scripts": true,
      "bin": true,
      "tarball": "https://registry.npmmirror.com/msgpackr-extract/-/msgpackr-extract-3.0.4.tgz"
    },
    "msgpackr@1.12.1": {
      "integrity": "sha512-4EUH9tQHnMmEgzW/MdAP0KIfa1T9AF+htl0ffe2n5vb2EKn9y2co8ccpgWko6S52Jy1PQZKwRnx5/KkYjtd9MQ==",
      "optionalDependencies": [
        "msgpackr-extract"
      ],
      "tarball": "https://registry.npmmirror.com/msgpackr/-/msgpackr-1.12.1.tgz"
    },
    "msgpackr@2.0.4": {
      "integrity": "sha512-o1C5KRmuRt+apqMr1HuGSqWStZoRBUpEsCsl15uM9VdAF1qHLtvMOU2En747EnTyEl6c4pzPewRMFF31s1CNbA==",
      "optionalDependencies": [
        "msgpackr-extract"
      ],
      "tarball": "https://registry.npmmirror.com/msgpackr/-/msgpackr-2.0.4.tgz"
    },
    "negotiator@1.0.0": {
      "integrity": "sha512-8Ofs/AUQh8MaEcrlq5xOX0CQ9ypTF5dl78mjlMNfOK08fzpgTHQRQPBxcPlEtIw0yRpws+Zo/3r+5WRby7u3Gg==",
      "tarball": "https://registry.npmmirror.com/negotiator/-/negotiator-1.0.0.tgz"
    },
    "node-abort-controller@3.1.1": {
      "integrity": "sha512-AGK2yQKIjRuqnc6VkX2Xj5d+QW8xZ87pa1UK6yA6ouUyuxfHuMP6umE5QK7UmTeOAymo+Zx1Fxiuw9rVx8taHQ==",
      "tarball": "https://registry.npmmirror.com/node-abort-controller/-/node-abort-controller-3.1.1.tgz"
    },
    "node-gyp-build-optional-packages@5.2.2": {
      "integrity": "sha512-s+w+rBWnpTMwSFbaE0UXsRlg7hU4FjekKU4eyAih5T8nJuNZT1nNsskXpxmeqSK9UzkBl6UgRlnKc8hz8IEqOw==",
      "dependencies": [
        "detect-libc"
      ],
      "bin": true,
      "tarball": "https://registry.npmmirror.com/node-gyp-build-optional-packages/-/node-gyp-build-optional-packages-5.2.2.tgz"
    },
    "object-inspect@1.13.4": {
      "integrity": "sha512-W67iLl4J2EXEGTbfeHCffrjDfitvLANg0UlX3wFUUSTx92KXRFegMHUVgSqE+wvhAbi4WqjGg9czysTV2Epbew==",
      "tarball": "https://registry.npmmirror.com/object-inspect/-/object-inspect-1.13.4.tgz"
    },
    "on-finished@2.4.1": {
      "integrity": "sha512-oVlzkg3ENAhCk2zdv7IJwd/QUD4z2RxRwpkcGY8psCVcCYZNq4wYnVWALHM+brtuJjePWiYF/ClmuDr8Ch5+kg==",
      "dependencies": [
        "ee-first"
      ],
      "tarball": "https://registry.npmmirror.com/on-finished/-/on-finished-2.4.1.tgz"
    },
    "on-headers@1.1.0": {
      "integrity": "sha512-737ZY3yNnXy37FHkQxPzt4UZ2UWPWiCZWLvFZ4fu5cueciegX0zGPnrlY6bwRg4FdQOe9YU8MkmJwGhoMybl8A==",
      "tarball": "https://registry.npmmirror.com/on-headers/-/on-headers-1.1.0.tgz"
    },
    "once@1.4.0": {
      "integrity": "sha512-lNaJgI+2Q5URQBkccEKHTQOPaXdUxnZZElQTZY0MFUAuaEqe1E+Nyvgdz/aIyNi6Z9MzO5dv1H8n58/GELp3+w==",
      "dependencies": [
        "wrappy"
      ],
      "tarball": "https://registry.npmmirror.com/once/-/once-1.4.0.tgz"
    },
    "parseurl@1.3.3": {
      "integrity": "sha512-CiyeOxFT/JZyN5m0z9PfXw4SCBJ6Sygz1Dpl0wqjlhDEGGBP1GnsUVEL0p63hoG1fcj3fHynXi9NYO4nWOL+qQ==",
      "tarball": "https://registry.npmmirror.com/parseurl/-/parseurl-1.3.3.tgz"
    },
    "passport-http@0.3.0": {
      "integrity": "sha512-OwK9DkqGVlJfO8oD0Bz1VDIo+ijD3c1ZbGGozIZw+joIP0U60pXY7goB+8wiDWtNqHpkTaQiJ9Ux1jE3Ykmpuw==",
      "dependencies": [
        "passport-strategy"
      ],
      "tarball": "https://registry.npmmirror.com/passport-http/-/passport-http-0.3.0.tgz"
    },
    "passport-local@1.0.0": {
      "integrity": "sha512-9wCE6qKznvf9mQYYbgJ3sVOHmCWoUNMVFoZzNoznmISbhnNNPhN9xfY3sLmScHMetEJeoY7CXwfhCe7argfQow==",
      "dependencies": [
        "passport-strategy"
      ],
      "tarball": "https://registry.npmmirror.com/passport-local/-/passport-local-1.0.0.tgz"
    },
    "passport-strategy@1.0.0": {
      "integrity": "sha512-CB97UUvDKJde2V0KDWWB3lyf6PC3FaZP7YxZ2G8OAtn9p4HI9j9JLP9qjOGZFvyl8uwNT8qM+hGnz/n16NI7oA==",
      "tarball": "https://registry.npmmirror.com/passport-strategy/-/passport-strategy-1.0.0.tgz"
    },
    "passport@0.7.0": {
      "integrity": "sha512-cPLl+qZpSc+ireUvt+IzqbED1cHHkDoVYMo30jbJIdOOjQ1MQYZBPiNvmi8UM6lJuOpTPXJGZQk0DtC4y61MYQ==",
      "dependencies": [
        "passport-strategy",
        "pause",
        "utils-merge"
      ],
      "tarball": "https://registry.npmmirror.com/passport/-/passport-0.7.0.tgz"
    },
    "path-to-regexp@8.4.2": {
      "integrity": "sha512-qRcuIdP69NPm4qbACK+aDogI5CBDMi1jKe0ry5rSQJz8JVLsC7jV8XpiJjGRLLol3N+R5ihGYcrPLTno6pAdBA==",
      "tarball": "https://registry.npmmirror.com/path-to-regexp/-/path-to-regexp-8.4.2.tgz"
    },
    "pause@0.0.1": {
      "integrity": "sha512-KG8UEiEVkR3wGEb4m5yZkVCzigAD+cVEJck2CzYZO37ZGJfctvVptVO192MwrtPhzONn6go8ylnOdMhKqi4nfg==",
      "tarball": "https://registry.npmmirror.com/pause/-/pause-0.0.1.tgz"
    },
    "proxy-addr@2.0.7": {
      "integrity": "sha512-llQsMLSUDUPT44jdrU/O37qlnifitDP+ZwrmmZcoSKyLKvtZxpyV0n2/bD/N4tBAAZ/gJEdZU7KMraoK1+XYAg==",
      "dependencies": [
        "forwarded",
        "ipaddr.js"
      ],
      "tarball": "https://registry.npmmirror.com/proxy-addr/-/proxy-addr-2.0.7.tgz"
    },
    "qs@6.15.3": {
      "integrity": "sha512-O9gl3zCl5h5blw1KGUzQKhA5oUXSl8rwUIM5o0S3nCXMliSvy5Dzx7/DJcI+SwgICv+IneSZwhBh1oSyEHA71A==",
      "dependencies": [
        "es-define-property",
        "side-channel"
      ],
      "tarball": "https://registry.npmmirror.com/qs/-/qs-6.15.3.tgz"
    },
    "random-bytes@1.0.0": {
      "integrity": "sha512-iv7LhNVO047HzYR3InF6pUcUsPQiHTM1Qal51DcGSuZFBil1aBBWG5eHPNek7bvILMaYJ/8RU1e8w1AMdHmLQQ==",
      "tarball": "https://registry.npmmirror.com/random-bytes/-/random-bytes-1.0.0.tgz"
    },
    "range-parser@1.3.0": {
      "integrity": "sha512-hek2mFQpPuI4E1BBKrSto+BU3e3x4xuarsbiwr3+lf7p44juvFMV0XFWQAP3xUyqXA4RrXLIoaSUGbSt056ZMw==",
      "tarball": "https://registry.npmmirror.com/range-parser/-/range-parser-1.3.0.tgz"
    },
    "raw-body@3.0.2": {
      "integrity": "sha512-K5zQjDllxWkf7Z5xJdV0/B0WTNqx6vxG70zJE4N0kBs4LovmEYWJzQGxC9bS9RAKu3bgM40lrd5zoLJ12MQ5BA==",
      "dependencies": [
        "bytes",
        "http-errors",
        "iconv-lite",
        "unpipe"
      ],
      "tarball": "https://registry.npmmirror.com/raw-body/-/raw-body-3.0.2.tgz"
    },
    "redis-errors@1.2.0": {
      "integrity": "sha512-1qny3OExCf0UvUV/5wpYKf2YwPcOqXzkwKKSmKHiE6ZMQs5heeE/c8eXK+PNllPvmjgAbfnsbpkGZWy8cBpn9w==",
      "tarball": "https://registry.npmmirror.com/redis-errors/-/redis-errors-1.2.0.tgz"
    },
    "redis-info@3.1.0": {
      "integrity": "sha512-ER4L9Sh/vm63DkIE0bkSjxluQlioBiBgf5w1UuldaW/3vPcecdljVDisZhmnCMvsxHNiARTTDDHGg9cGwTfrKg==",
      "dependencies": [
        "lodash"
      ],
      "tarball": "https://registry.npmmirror.com/redis-info/-/redis-info-3.1.0.tgz"
    },
    "redis-parser@3.0.0": {
      "integrity": "sha512-DJnGAeenTdpMEH6uAJRK/uiyEIH9WVsUmoLwzudwGJUwZPp80PDBWPHXSAGNPwNvIXAbe7MSUB1zQFugFml66A==",
      "dependencies": [
        "redis-errors"
      ],
      "tarball": "https://registry.npmmirror.com/redis-parser/-/redis-parser-3.0.0.tgz"
    },
    "router@2.2.0": {
      "integrity": "sha512-nLTrUKm2UyiL7rlhapu/Zl45FwNgkZGaCpZbIHajDYgwlJCOzLSk+cIPAnsEqV955GjILJnKbdQC1nVPz+gAYQ==",
      "dependencies": [
        "debug@4.4.3",
        "depd",
        "is-promise",
        "parseurl",
        "path-to-regexp"
      ],
      "tarball": "https://registry.npmmirror.com/router/-/router-2.2.0.tgz"
    },
    "safe-buffer@5.1.2": {
      "integrity": "sha512-Gd2UZBJDkXlY7GbJxfsE8/nvKkUEU1G38c1siN6QP6a9PT9MmHB8GnpscSmMJSoF8LOIrt8ud/wPtojys4G6+g==",
      "tarball": "https://registry.npmmirror.com/safe-buffer/-/safe-buffer-5.1.2.tgz"
    },
    "safe-buffer@5.2.1": {
      "integrity": "sha512-rp3So07KcdmmKbGvgaNxQSJr7bGVSVk5S9Eq1F+ppbRo70+YeaDxkw5Dd8NPN+GD6bjnYm2VuPuCXmpuYvmCXQ==",
      "tarball": "https://registry.npmmirror.com/safe-buffer/-/safe-buffer-5.2.1.tgz"
    },
    "safer-buffer@2.1.2": {
      "integrity": "sha512-YZo3K82SD7Riyi0E1EQPojLz7kpepnSQI9IyPbHHg1XXXevb5dJI7tpyN2ADxGcQbHG7vcyRHk0cbwqcQriUtg==",
      "tarball": "https://registry.npmmirror.com/safer-buffer/-/safer-buffer-2.1.2.tgz"
    },
    "semver@7.8.5": {
      "integrity": "sha512-Y7/KDsb8LjooZpwaqGyulO6DQlksgCncchHGk+sZIY4SBvUocMBEFH5Ur1fI4dV+Jvl0w6cjvucaIi40puRioA==",
      "bin": true,
      "tarball": "https://registry.npmmirror.com/semver/-/semver-7.8.5.tgz"
    },
    "send@1.2.1": {
      "integrity": "sha512-1gnZf7DFcoIcajTjTwjwuDjzuz4PPcY2StKPlsGAQ1+YH20IRVrBaXSWmdjowTJ6u8Rc01PoYOGHXfP1mYcZNQ==",
      "dependencies": [
        "debug@4.4.3",
        "encodeurl",
        "escape-html",
        "etag",
        "fresh",
        "http-errors",
        "mime-types",
        "ms@2.1.3",
        "on-finished",
        "range-parser",
        "statuses"
      ],
      "tarball": "https://registry.npmmirror.com/send/-/send-1.2.1.tgz"
    },
    "serve-static@2.2.1": {
      "integrity": "sha512-xRXBn0pPqQTVQiC8wyQrKs2MOlX24zQ0POGaj0kultvoOCstBQM5yvOhAVSUwOMjQtTvsPWoNCHfPGwaaQJhTw==",
      "dependencies": [
        "encodeurl",
        "escape-html",
        "parseurl",
        "send"
      ],
      "tarball": "https://registry.npmmirror.com/serve-static/-/serve-static-2.2.1.tgz"
    },
    "setprototypeof@1.2.0": {
      "integrity": "sha512-E5LDX7Wrp85Kil5bhZv46j8jOeboKq5JMmYM3gVGdGH8xFpPWXUMsNrlODCrkoxMEeNi/XZIwuRvY4XNwYMJpw==",
      "tarball": "https://registry.npmmirror.com/setprototypeof/-/setprototypeof-1.2.0.tgz"
    },
    "side-channel-list@1.0.1": {
      "integrity": "sha512-mjn/0bi/oUURjc5Xl7IaWi/OJJJumuoJFQJfDDyO46+hBWsfaVM65TBHq2eoZBhzl9EchxOijpkbRC8SVBQU0w==",
      "dependencies": [
        "es-errors",
        "object-inspect"
      ],
      "tarball": "https://registry.npmmirror.com/side-channel-list/-/side-channel-list-1.0.1.tgz"
    },
    "side-channel-map@1.0.1": {
      "integrity": "sha512-VCjCNfgMsby3tTdo02nbjtM/ewra6jPHmpThenkTYh8pG9ucZ/1P8So4u4FGBek/BjpOVsDCMoLA/iuBKIFXRA==",
      "dependencies": [
        "call-bound",
        "es-errors",
        "get-intrinsic",
        "object-inspect"
      ],
      "tarball": "https://registry.npmmirror.com/side-channel-map/-/side-channel-map-1.0.1.tgz"
    },
    "side-channel-weakmap@1.0.2": {
      "integrity": "sha512-WPS/HvHQTYnHisLo9McqBHOJk2FkHO/tlpvldyrnem4aeQp4hai3gythswg6p01oSoTl58rcpiFAjF2br2Ak2A==",
      "dependencies": [
        "call-bound",
        "es-errors",
        "get-intrinsic",
        "object-inspect",
        "side-channel-map"
      ],
      "tarball": "https://registry.npmmirror.com/side-channel-weakmap/-/side-channel-weakmap-1.0.2.tgz"
    },
    "side-channel@1.1.1": {
      "integrity": "sha512-6x6dK6zJdpTzF4sQeNYxwtvBzf6Eg4GtlesS94HOvTudUeyK2WXAaIfmDgsyslYrRBeFIlsi54AYsFGUuhmvrQ==",
      "dependencies": [
        "es-errors",
        "object-inspect",
        "side-channel-list",
        "side-channel-map",
        "side-channel-weakmap"
      ],
      "tarball": "https://registry.npmmirror.com/side-channel/-/side-channel-1.1.1.tgz"
    },
    "standard-as-callback@2.1.0": {
      "integrity": "sha512-qoRRSyROncaz1z0mvYqIE4lCd9p2R90i6GxW3uZv5ucSu8tU7B5HXUP1gG8pVZsYNVaXjk8ClXHPttLyxAL48A==",
      "tarball": "https://registry.npmmirror.com/standard-as-callback/-/standard-as-callback-2.1.0.tgz"
    },
    "statuses@2.0.2": {
      "integrity": "sha512-DvEy55V3DB7uknRo+4iOGT5fP1slR8wQohVdknigZPMpMstaKJQWhwiYBACJE3Ul2pTnATihhBYnRhZQHGBiRw==",
      "tarball": "https://registry.npmmirror.com/statuses/-/statuses-2.0.2.tgz"
    },
    "toidentifier@1.0.1": {
      "integrity": "sha512-o5sSPKEkg/DIQNmH43V0/uerLrpzVedkUh8tGNvaeXpfpuwjKenlSox/2O/BTlZUtEe+JG7s5YhEz608PlAHRA==",
      "tarball": "https://registry.npmmirror.com/toidentifier/-/toidentifier-1.0.1.tgz"
    },
    "tslib@2.8.1": {
      "integrity": "sha512-oJFu94HQb+KVduSUQL7wnpmqnfmLsOA/nAh6b6EH0wCEoK0/mPeXU6c3wKDV83MkOuHPRHtSXKKU99IBazS/2w==",
      "tarball": "https://registry.npmmirror.com/tslib/-/tslib-2.8.1.tgz"
    },
    "type-is@2.1.0": {
      "integrity": "sha512-faYHw0anBbc/kWF3zFTEnxSFOAGUX9GFbOBthvDdLsIlEoWOFOtS0zgCiQYwIskL9iGXZL3kAXD8OoZ4GmMATA==",
      "dependencies": [
        "content-type@2.0.0",
        "media-typer",
        "mime-types"
      ],
      "tarball": "https://registry.npmmirror.com/type-is/-/type-is-2.1.0.tgz"
    },
    "uid-safe@2.1.5": {
      "integrity": "sha512-KPHm4VL5dDXKz01UuEd88Df+KzynaohSL9fBh096KWAxSKZQDI2uBrVqtvRM4rwrIrRRKsdLNML/lnaaVSRioA==",
      "dependencies": [
        "random-bytes"
      ],
      "tarball": "https://registry.npmmirror.com/uid-safe/-/uid-safe-2.1.5.tgz"
    },
    "undici-types@8.3.0": {
      "integrity": "sha512-j375ScV60dom+YkPFIfTLcOiPxkN/buHz5GobjLhixFuANaNs3C9l4GmrWqejgXWJ7BbJcFYpTEUkS1Ge8bpZQ==",
      "tarball": "https://registry.npmmirror.com/undici-types/-/undici-types-8.3.0.tgz"
    },
    "unpipe@1.0.0": {
      "integrity": "sha512-pjy2bYhSsufwWlKwPc+l3cN7+wuJlK6uz0YdJEOlQDbl6jo/YlPi4mb8agUkVC8BF7V8NuzeyPNqRksA3hztKQ==",
      "tarball": "https://registry.npmmirror.com/unpipe/-/unpipe-1.0.0.tgz"
    },
    "utils-merge@1.0.1": {
      "integrity": "sha512-pMZTvIkT1d+TFGvDOqodOclx0QWkkgi6Tdoa8gC8ffGAAqz9pzPTZWAybbsHHoED/ztMtkv/VoYTYyShUn81hA==",
      "tarball": "https://registry.npmmirror.com/utils-merge/-/utils-merge-1.0.1.tgz"
    },
    "uuid@8.3.2": {
      "integrity": "sha512-+NYs2QeMWy+GWFOEm9xnn6HCDp0l7QBD7ml8zLUmJ+93Q5NF0NocErnwkTkXVFNiX3/fpC6afS8Dhb/gz7R7eg==",
      "bin": true,
      "tarball": "https://registry.npmmirror.com/uuid/-/uuid-8.3.2.tgz"
    },
    "vary@1.1.2": {
      "integrity": "sha512-BNGbWLfd0eUPabhkXUVm0j8uuvREyTh5ovRa/dyow/BqAbZJyC+5fU+IzQOzmAKzYqYRAISoRhdQr3eIZ/PXqg==",
      "tarball": "https://registry.npmmirror.com/vary/-/vary-1.1.2.tgz"
    },
    "wrappy@1.0.2": {
      "integrity": "sha512-l4Sp/DRseor9wL6EvV2+TuQn63dMkPjZ/sp9XkghTEbV9KlPS1xUsZ3u7/IQO4wxtcFB4bgpQPRcR3QCvezPcQ==",
      "tarball": "https://registry.npmmirror.com/wrappy/-/wrappy-1.0.2.tgz"
    }
  },
  "workspace": {
    "packageJson": {
      "dependencies": [
        "npm:@bull-board/api@^9.5.0",
        "npm:@bull-board/express@^9.5.0",
        "npm:@types/connect-ensure-login@~0.1.9",
        "npm:@types/express-session@^1.19.0",
        "npm:@types/express@^5.0.6",
        "npm:@types/morgan@^1.9.10",
        "npm:@types/node@^26.4.0",
        "npm:@types/passport-http@~0.3.11",
        "npm:@types/passport-local@^1.0.38",
        "npm:@types/passport@^1.0.17",
        "npm:bull@^4.16.5",
        "npm:bullmq@^5.80.9",
        "npm:connect-ensure-login@~0.1.1",
        "npm:dotenv@^17.4.2",
        "npm:express-session@^1.19.0",
        "npm:express@^5.2.1",
        "npm:ioredis@~5.11.1",
        "npm:morgan@^1.11.0",
        "npm:passport-http@0.3",
        "npm:passport-local@1",
        "npm:passport@0.7"
      ]
    }
  }
}
